
Microsoft Visual Studio Solution File, Format Version 12.00
# Visual Studio Version 17
VisualStudioVersion = 17.14.36623.8
MinimumVisualStudioVersion = 10.0.40219.1
Project("{2150E333-8FDC-42A3-9474-1A3956D46DE8}") = "LIBRARIEs", "LIBRARIEs", "{36D591C7-65C7-A0D1-1CBC-10CDE441BDC8}"
EndProject
Project("{FAE04EC0-301F-11D3-BF4B-00C04F79EFBC}") = "_Application", "..\..\ROOT\LIBRARIEs\_Application\_Application.csproj", "{93291328-5D81-4F43-9F61-05A26F81E783}"
EndProject
Project("{FAE04EC0-301F-11D3-BF4B-00C04F79EFBC}") = "_Data", "..\..\ROOT\LIBRARIEs\_Data\_Data.csproj", "{6CF7DB47-54BF-4CFD-A888-F0C8DFB47FC1}"
EndProject
Project("{FAE04EC0-301F-11D3-BF4B-00C04F79EFBC}") = "_Elements", "..\..\ROOT\LIBRARIEs\_Elements\_Elements.csproj", "{EBA5A464-7B67-41B3-AE0D-CC986C21F6DC}"
EndProject
Project("{FAE04EC0-301F-11D3-BF4B-00C04F79EFBC}") = "csManual", "csManual\csManual.csproj", "{79676C56-DEF3-4B8F-8700-45FA23E5EEF4}"
EndProject
Project("{FAE04EC0-301F-11D3-BF4B-00C04F79EFBC}") = "_csManual", "_csManual\_csManual.csproj", "{3A67C117-88F9-49CC-9B5F-E9899AF5274F}"
EndProject
Project("{FAE04EC0-301F-11D3-BF4B-00C04F79EFBC}") = "_System", "..\..\ROOT\LIBRARIEs\_System\_System.csproj", "{676768DA-FD81-4EE3-A1DF-8BCD6A61775E}"
EndProject
Project("{FAE04EC0-301F-11D3-BF4B-00C04F79EFBC}") = "_ResourcesImages", "..\..\ROOT\LIBRARIEs\_ResourcesImages\_ResourcesImages.csproj", "{A3C7D841-9C9C-4FA2-926D-D168751EBECF}"
EndProject
Global
	GlobalSection(SolutionConfigurationPlatforms) = preSolution
		Debug|Any CPU = Debug|Any CPU
		Release|Any CPU = Release|Any CPU
	EndGlobalSection
	GlobalSection(ProjectConfigurationPlatforms) = postSolution
		{93291328-5D81-4F43-9F61-05A26F81E783}.Debug|Any CPU.ActiveCfg = Debug|Any CPU
		{93291328-5D81-4F43-9F61-05A26F81E783}.Debug|Any CPU.Build.0 = Debug|Any CPU
		{93291328-5D81-4F43-9F61-05A26F81E783}.Release|Any CPU.ActiveCfg = Release|Any CPU
		{93291328-5D81-4F43-9F61-05A26F81E783}.Release|Any CPU.Build.0 = Release|Any CPU
		{6CF7DB47-54BF-4CFD-A888-F0C8DFB47FC1}.Debug|Any CPU.ActiveCfg = Debug|Any CPU
		{6CF7DB47-54BF-4CFD-A888-F0C8DFB47FC1}.Debug|Any CPU.Build.0 = Debug|Any CPU
		{6CF7DB47-54BF-4CFD-A888-F0C8DFB47FC1}.Release|Any CPU.ActiveCfg = Release|Any CPU
		{6CF7DB47-54BF-4CFD-A888-F0C8DFB47FC1}.Release|Any CPU.Build.0 = Release|Any CPU
		{EBA5A464-7B67-41B3-AE0D-CC986C21F6DC}.Debug|Any CPU.ActiveCfg = Debug|Any CPU
		{EBA5A464-7B67-41B3-AE0D-CC986C21F6DC}.Debug|Any CPU.Build.0 = Debug|Any CPU
		{EBA5A464-7B67-41B3-AE0D-CC986C21F6DC}.Release|Any CPU.ActiveCfg = Release|Any CPU
		{EBA5A464-7B67-41B3-AE0D-CC986C21F6DC}.Release|Any CPU.Build.0 = Release|Any CPU
		{79676C56-DEF3-4B8F-8700-45FA23E5EEF4}.Debug|Any CPU.ActiveCfg = Debug|Any CPU
		{79676C56-DEF3-4B8F-8700-45FA23E5EEF4}.Debug|Any CPU.Build.0 = Debug|Any CPU
		{79676C56-DEF3-4B8F-8700-45FA23E5EEF4}.Release|Any CPU.ActiveCfg = Release|Any CPU
		{79676C56-DEF3-4B8F-8700-45FA23E5EEF4}.Release|Any CPU.Build.0 = Release|Any CPU
		{3A67C117-88F9-49CC-9B5F-E9899AF5274F}.Debug|Any CPU.ActiveCfg = Debug|Any CPU
		{3A67C117-88F9-49CC-9B5F-E9899AF5274F}.Debug|Any CPU.Build.0 = Debug|Any CPU
		{3A67C117-88F9-49CC-9B5F-E9899AF5274F}.Release|Any CPU.ActiveCfg = Release|Any CPU
		{3A67C117-88F9-49CC-9B5F-E9899AF5274F}.Release|Any CPU.Build.0 = Release|Any CPU
		{676768DA-FD81-4EE3-A1DF-8BCD6A61775E}.Debug|Any CPU.ActiveCfg = Debug|Any CPU
		{676768DA-FD81-4EE3-A1DF-8BCD6A61775E}.Debug|Any CPU.Build.0 = Debug|Any CPU
		{676768DA-FD81-4EE3-A1DF-8BCD6A61775E}.Release|Any CPU.ActiveCfg = Release|Any CPU
		{676768DA-FD81-4EE3-A1DF-8BCD6A61775E}.Release|Any CPU.Build.0 = Release|Any CPU
		{A3C7D841-9C9C-4FA2-926D-D168751EBECF}.Debug|Any CPU.ActiveCfg = Debug|Any CPU
		{A3C7D841-9C9C-4FA2-926D-D168751EBECF}.Debug|Any CPU.Build.0 = Debug|Any CPU
		{A3C7D841-9C9C-4FA2-926D-D168751EBECF}.Release|Any CPU.ActiveCfg = Release|Any CPU
		{A3C7D841-9C9C-4FA2-926D-D168751EBECF}.Release|Any CPU.Build.0 = Release|Any CPU
	EndGlobalSection
	GlobalSection(SolutionProperties) = preSolution
		HideSolutionNode = FALSE
	EndGlobalSection
	GlobalSection(NestedProjects) = preSolution
		{93291328-5D81-4F43-9F61-05A26F81E783} = {36D591C7-65C7-A0D1-1CBC-10CDE441BDC8}
		{6CF7DB47-54BF-4CFD-A888-F0C8DFB47FC1} = {36D591C7-65C7-A0D1-1CBC-10CDE441BDC8}
		{EBA5A464-7B67-41B3-AE0D-CC986C21F6DC} = {36D591C7-65C7-A0D1-1CBC-10CDE441BDC8}
		{676768DA-FD81-4EE3-A1DF-8BCD6A61775E} = {36D591C7-65C7-A0D1-1CBC-10CDE441BDC8}
		{A3C7D841-9C9C-4FA2-926D-D168751EBECF} = {36D591C7-65C7-A0D1-1CBC-10CDE441BDC8}
	EndGlobalSection
	GlobalSection(ExtensibilityGlobals) = postSolution
		SolutionGuid = {518B51FC-626D-4C84-BECB-27AE65668452}
	EndGlobalSection
EndGlobal
