
Microsoft Visual Studio Solution File, Format Version 12.00
# Visual Studio Version 17
VisualStudioVersion = 17.14.36623.8
MinimumVisualStudioVersion = 10.0.40219.1
Project("{2150E333-8FDC-42A3-9474-1A3956D46DE8}") = "LIBRARIEs", "LIBRARIEs", "{36D591C7-65C7-A0D1-1CBC-10CDE441BDC8}"
EndProject
Project("{FAE04EC0-301F-11D3-BF4B-00C04F79EFBC}") = "_Application", "..\..\ROOT\LIBRARIEs\_Application\_Application.csproj", "{CC78B6C2-2804-4FD1-9CA1-2196FD50C239}"
EndProject
Project("{FAE04EC0-301F-11D3-BF4B-00C04F79EFBC}") = "_Data", "..\..\ROOT\LIBRARIEs\_Data\_Data.csproj", "{B60F57D4-4F53-428C-86FE-A0D47338E371}"
EndProject
Project("{FAE04EC0-301F-11D3-BF4B-00C04F79EFBC}") = "_Elements", "..\..\ROOT\LIBRARIEs\_Elements\_Elements.csproj", "{FE00F7B8-9C7B-462A-8E39-28E1CAE64921}"
EndProject
Project("{FAE04EC0-301F-11D3-BF4B-00C04F79EFBC}") = "csManual", "csManual\csManual.csproj", "{79676C56-DEF3-4B8F-8700-45FA23E5EEF4}"
EndProject
Project("{FAE04EC0-301F-11D3-BF4B-00C04F79EFBC}") = "_csManual", "_csManual\_csManual.csproj", "{3A67C117-88F9-49CC-9B5F-E9899AF5274F}"
EndProject
Project("{FAE04EC0-301F-11D3-BF4B-00C04F79EFBC}") = "_System", "..\..\ROOT\LIBRARIEs\_System\_System.csproj", "{F39D5A8F-96DD-4FC6-870F-E5F6B69C6E7C}"
EndProject
Project("{FAE04EC0-301F-11D3-BF4B-00C04F79EFBC}") = "_ResourcesImages", "..\..\ROOT\LIBRARIEs\_ResourcesImages\_ResourcesImages.csproj", "{2223949B-940D-412D-B28C-C095AEEA10DF}"
EndProject
Global
	GlobalSection(SolutionConfigurationPlatforms) = preSolution
		Debug|Any CPU = Debug|Any CPU
		Release|Any CPU = Release|Any CPU
	EndGlobalSection
	GlobalSection(ProjectConfigurationPlatforms) = postSolution
		{CC78B6C2-2804-4FD1-9CA1-2196FD50C239}.Debug|Any CPU.ActiveCfg = Debug|Any CPU
		{CC78B6C2-2804-4FD1-9CA1-2196FD50C239}.Debug|Any CPU.Build.0 = Debug|Any CPU
		{CC78B6C2-2804-4FD1-9CA1-2196FD50C239}.Release|Any CPU.ActiveCfg = Release|Any CPU
		{CC78B6C2-2804-4FD1-9CA1-2196FD50C239}.Release|Any CPU.Build.0 = Release|Any CPU
		{B60F57D4-4F53-428C-86FE-A0D47338E371}.Debug|Any CPU.ActiveCfg = Debug|Any CPU
		{B60F57D4-4F53-428C-86FE-A0D47338E371}.Debug|Any CPU.Build.0 = Debug|Any CPU
		{B60F57D4-4F53-428C-86FE-A0D47338E371}.Release|Any CPU.ActiveCfg = Release|Any CPU
		{B60F57D4-4F53-428C-86FE-A0D47338E371}.Release|Any CPU.Build.0 = Release|Any CPU
		{FE00F7B8-9C7B-462A-8E39-28E1CAE64921}.Debug|Any CPU.ActiveCfg = Debug|Any CPU
		{FE00F7B8-9C7B-462A-8E39-28E1CAE64921}.Debug|Any CPU.Build.0 = Debug|Any CPU
		{FE00F7B8-9C7B-462A-8E39-28E1CAE64921}.Release|Any CPU.ActiveCfg = Release|Any CPU
		{FE00F7B8-9C7B-462A-8E39-28E1CAE64921}.Release|Any CPU.Build.0 = Release|Any CPU
		{79676C56-DEF3-4B8F-8700-45FA23E5EEF4}.Debug|Any CPU.ActiveCfg = Debug|Any CPU
		{79676C56-DEF3-4B8F-8700-45FA23E5EEF4}.Debug|Any CPU.Build.0 = Debug|Any CPU
		{79676C56-DEF3-4B8F-8700-45FA23E5EEF4}.Release|Any CPU.ActiveCfg = Release|Any CPU
		{79676C56-DEF3-4B8F-8700-45FA23E5EEF4}.Release|Any CPU.Build.0 = Release|Any CPU
		{3A67C117-88F9-49CC-9B5F-E9899AF5274F}.Debug|Any CPU.ActiveCfg = Debug|Any CPU
		{3A67C117-88F9-49CC-9B5F-E9899AF5274F}.Debug|Any CPU.Build.0 = Debug|Any CPU
		{3A67C117-88F9-49CC-9B5F-E9899AF5274F}.Release|Any CPU.ActiveCfg = Release|Any CPU
		{3A67C117-88F9-49CC-9B5F-E9899AF5274F}.Release|Any CPU.Build.0 = Release|Any CPU
		{F39D5A8F-96DD-4FC6-870F-E5F6B69C6E7C}.Debug|Any CPU.ActiveCfg = Debug|Any CPU
		{F39D5A8F-96DD-4FC6-870F-E5F6B69C6E7C}.Debug|Any CPU.Build.0 = Debug|Any CPU
		{F39D5A8F-96DD-4FC6-870F-E5F6B69C6E7C}.Release|Any CPU.ActiveCfg = Release|Any CPU
		{F39D5A8F-96DD-4FC6-870F-E5F6B69C6E7C}.Release|Any CPU.Build.0 = Release|Any CPU
		{2223949B-940D-412D-B28C-C095AEEA10DF}.Debug|Any CPU.ActiveCfg = Debug|Any CPU
		{2223949B-940D-412D-B28C-C095AEEA10DF}.Debug|Any CPU.Build.0 = Debug|Any CPU
		{2223949B-940D-412D-B28C-C095AEEA10DF}.Release|Any CPU.ActiveCfg = Release|Any CPU
		{2223949B-940D-412D-B28C-C095AEEA10DF}.Release|Any CPU.Build.0 = Release|Any CPU
	EndGlobalSection
	GlobalSection(SolutionProperties) = preSolution
		HideSolutionNode = FALSE
	EndGlobalSection
	GlobalSection(NestedProjects) = preSolution
		{CC78B6C2-2804-4FD1-9CA1-2196FD50C239} = {36D591C7-65C7-A0D1-1CBC-10CDE441BDC8}
		{B60F57D4-4F53-428C-86FE-A0D47338E371} = {36D591C7-65C7-A0D1-1CBC-10CDE441BDC8}
		{FE00F7B8-9C7B-462A-8E39-28E1CAE64921} = {36D591C7-65C7-A0D1-1CBC-10CDE441BDC8}
		{F39D5A8F-96DD-4FC6-870F-E5F6B69C6E7C} = {36D591C7-65C7-A0D1-1CBC-10CDE441BDC8}
		{2223949B-940D-412D-B28C-C095AEEA10DF} = {36D591C7-65C7-A0D1-1CBC-10CDE441BDC8}
	EndGlobalSection
	GlobalSection(ExtensibilityGlobals) = postSolution
		SolutionGuid = {518B51FC-626D-4C84-BECB-27AE65668452}
	EndGlobalSection
EndGlobal
