
Microsoft Visual Studio Solution File, Format Version 12.00
# Visual Studio Version 17
VisualStudioVersion = 17.12.35527.113
MinimumVisualStudioVersion = 10.0.40219.1
Project("{FAE04EC0-301F-11D3-BF4B-00C04F79EFBC}") = "CsProtocols", "CsProtocols\CsProtocols.csproj", "{8D05B162-A7AB-4490-9A99-61F9532ADA33}"
EndProject
Project("{FAE04EC0-301F-11D3-BF4B-00C04F79EFBC}") = "_CsProtocols", "_CsProtocols\_CsProtocols.csproj", "{87DC61FA-3F16-4AB7-9878-04839608321B}"
EndProject
Project("{2150E333-8FDC-42A3-9474-1A3956D46DE8}") = "LIBRARIEs", "LIBRARIEs", "{36239C0E-D1EA-4A2D-A30F-DAADDB8BA8EB}"
EndProject
Project("{FAE04EC0-301F-11D3-BF4B-00C04F79EFBC}") = "_Application", "..\..\ROOT\LIBRARIEs\_Application\_Application.csproj", "{D7576F32-C3E0-4ABB-9064-098F1E751FD2}"
EndProject
Project("{FAE04EC0-301F-11D3-BF4B-00C04F79EFBC}") = "_Archivators", "..\..\ROOT\LIBRARIEs\_Archivators\_Archivators.csproj", "{2F05884B-3126-43F7-B145-375543C6F5D5}"
EndProject
Project("{FAE04EC0-301F-11D3-BF4B-00C04F79EFBC}") = "_Data", "..\..\ROOT\LIBRARIEs\_Data\_Data.csproj", "{58D863E7-4CD2-4BDD-9ECC-5AA6A2F6D400}"
EndProject
Project("{FAE04EC0-301F-11D3-BF4B-00C04F79EFBC}") = "_DataSourceSqlite", "..\..\ROOT\LIBRARIEs\_DataSourceSqlite\_DataSourceSqlite.csproj", "{3F52382D-EF6A-4C83-AF7B-24608C8A1F94}"
EndProject
Project("{FAE04EC0-301F-11D3-BF4B-00C04F79EFBC}") = "_Elements", "..\..\ROOT\LIBRARIEs\_Elements\_Elements.csproj", "{F65B3F8E-78FB-4203-9F36-02C98C43123C}"
EndProject
Project("{FAE04EC0-301F-11D3-BF4B-00C04F79EFBC}") = "_Email", "..\..\ROOT\LIBRARIEs\_Email\_Email.csproj", "{0BD15D25-26ED-4D06-B924-FCEEB14AAF09}"
EndProject
Project("{FAE04EC0-301F-11D3-BF4B-00C04F79EFBC}") = "_ReportHTML", "..\..\ROOT\LIBRARIEs\_ReportHTML\_ReportHTML.csproj", "{BBC145EA-9E9A-425A-83C3-CF36589D2958}"
EndProject
Project("{FAE04EC0-301F-11D3-BF4B-00C04F79EFBC}") = "_ResourcesImages", "..\..\ROOT\LIBRARIEs\_ResourcesImages\_ResourcesImages.csproj", "{A3EAA211-9517-4DCD-BCAC-15DAE1E8E9C2}"
EndProject
Project("{FAE04EC0-301F-11D3-BF4B-00C04F79EFBC}") = "_System", "..\..\ROOT\LIBRARIEs\_System\_System.csproj", "{433F599E-6F9B-4908-B3DD-99D421C832CB}"
EndProject
Global
	GlobalSection(SolutionConfigurationPlatforms) = preSolution
		Debug|Any CPU = Debug|Any CPU
		Release|Any CPU = Release|Any CPU
	EndGlobalSection
	GlobalSection(ProjectConfigurationPlatforms) = postSolution
		{8D05B162-A7AB-4490-9A99-61F9532ADA33}.Debug|Any CPU.ActiveCfg = Debug|Any CPU
		{8D05B162-A7AB-4490-9A99-61F9532ADA33}.Debug|Any CPU.Build.0 = Debug|Any CPU
		{8D05B162-A7AB-4490-9A99-61F9532ADA33}.Release|Any CPU.ActiveCfg = Release|Any CPU
		{8D05B162-A7AB-4490-9A99-61F9532ADA33}.Release|Any CPU.Build.0 = Release|Any CPU
		{87DC61FA-3F16-4AB7-9878-04839608321B}.Debug|Any CPU.ActiveCfg = Debug|Any CPU
		{87DC61FA-3F16-4AB7-9878-04839608321B}.Debug|Any CPU.Build.0 = Debug|Any CPU
		{87DC61FA-3F16-4AB7-9878-04839608321B}.Release|Any CPU.ActiveCfg = Release|Any CPU
		{87DC61FA-3F16-4AB7-9878-04839608321B}.Release|Any CPU.Build.0 = Release|Any CPU
		{D7576F32-C3E0-4ABB-9064-098F1E751FD2}.Debug|Any CPU.ActiveCfg = Debug|Any CPU
		{D7576F32-C3E0-4ABB-9064-098F1E751FD2}.Debug|Any CPU.Build.0 = Debug|Any CPU
		{D7576F32-C3E0-4ABB-9064-098F1E751FD2}.Release|Any CPU.ActiveCfg = Release|Any CPU
		{D7576F32-C3E0-4ABB-9064-098F1E751FD2}.Release|Any CPU.Build.0 = Release|Any CPU
		{2F05884B-3126-43F7-B145-375543C6F5D5}.Debug|Any CPU.ActiveCfg = Debug|Any CPU
		{2F05884B-3126-43F7-B145-375543C6F5D5}.Debug|Any CPU.Build.0 = Debug|Any CPU
		{2F05884B-3126-43F7-B145-375543C6F5D5}.Release|Any CPU.ActiveCfg = Release|Any CPU
		{2F05884B-3126-43F7-B145-375543C6F5D5}.Release|Any CPU.Build.0 = Release|Any CPU
		{58D863E7-4CD2-4BDD-9ECC-5AA6A2F6D400}.Debug|Any CPU.ActiveCfg = Debug|Any CPU
		{58D863E7-4CD2-4BDD-9ECC-5AA6A2F6D400}.Debug|Any CPU.Build.0 = Debug|Any CPU
		{58D863E7-4CD2-4BDD-9ECC-5AA6A2F6D400}.Release|Any CPU.ActiveCfg = Release|Any CPU
		{58D863E7-4CD2-4BDD-9ECC-5AA6A2F6D400}.Release|Any CPU.Build.0 = Release|Any CPU
		{3F52382D-EF6A-4C83-AF7B-24608C8A1F94}.Debug|Any CPU.ActiveCfg = Debug|Any CPU
		{3F52382D-EF6A-4C83-AF7B-24608C8A1F94}.Debug|Any CPU.Build.0 = Debug|Any CPU
		{3F52382D-EF6A-4C83-AF7B-24608C8A1F94}.Release|Any CPU.ActiveCfg = Release|Any CPU
		{3F52382D-EF6A-4C83-AF7B-24608C8A1F94}.Release|Any CPU.Build.0 = Release|Any CPU
		{F65B3F8E-78FB-4203-9F36-02C98C43123C}.Debug|Any CPU.ActiveCfg = Debug|Any CPU
		{F65B3F8E-78FB-4203-9F36-02C98C43123C}.Debug|Any CPU.Build.0 = Debug|Any CPU
		{F65B3F8E-78FB-4203-9F36-02C98C43123C}.Release|Any CPU.ActiveCfg = Release|Any CPU
		{F65B3F8E-78FB-4203-9F36-02C98C43123C}.Release|Any CPU.Build.0 = Release|Any CPU
		{0BD15D25-26ED-4D06-B924-FCEEB14AAF09}.Debug|Any CPU.ActiveCfg = Debug|Any CPU
		{0BD15D25-26ED-4D06-B924-FCEEB14AAF09}.Debug|Any CPU.Build.0 = Debug|Any CPU
		{0BD15D25-26ED-4D06-B924-FCEEB14AAF09}.Release|Any CPU.ActiveCfg = Release|Any CPU
		{0BD15D25-26ED-4D06-B924-FCEEB14AAF09}.Release|Any CPU.Build.0 = Release|Any CPU
		{BBC145EA-9E9A-425A-83C3-CF36589D2958}.Debug|Any CPU.ActiveCfg = Debug|Any CPU
		{BBC145EA-9E9A-425A-83C3-CF36589D2958}.Debug|Any CPU.Build.0 = Debug|Any CPU
		{BBC145EA-9E9A-425A-83C3-CF36589D2958}.Release|Any CPU.ActiveCfg = Release|Any CPU
		{BBC145EA-9E9A-425A-83C3-CF36589D2958}.Release|Any CPU.Build.0 = Release|Any CPU
		{A3EAA211-9517-4DCD-BCAC-15DAE1E8E9C2}.Debug|Any CPU.ActiveCfg = Debug|Any CPU
		{A3EAA211-9517-4DCD-BCAC-15DAE1E8E9C2}.Debug|Any CPU.Build.0 = Debug|Any CPU
		{A3EAA211-9517-4DCD-BCAC-15DAE1E8E9C2}.Release|Any CPU.ActiveCfg = Release|Any CPU
		{A3EAA211-9517-4DCD-BCAC-15DAE1E8E9C2}.Release|Any CPU.Build.0 = Release|Any CPU
		{433F599E-6F9B-4908-B3DD-99D421C832CB}.Debug|Any CPU.ActiveCfg = Debug|Any CPU
		{433F599E-6F9B-4908-B3DD-99D421C832CB}.Debug|Any CPU.Build.0 = Debug|Any CPU
		{433F599E-6F9B-4908-B3DD-99D421C832CB}.Release|Any CPU.ActiveCfg = Release|Any CPU
		{433F599E-6F9B-4908-B3DD-99D421C832CB}.Release|Any CPU.Build.0 = Release|Any CPU
	EndGlobalSection
	GlobalSection(SolutionProperties) = preSolution
		HideSolutionNode = FALSE
	EndGlobalSection
	GlobalSection(NestedProjects) = preSolution
		{D7576F32-C3E0-4ABB-9064-098F1E751FD2} = {36239C0E-D1EA-4A2D-A30F-DAADDB8BA8EB}
		{2F05884B-3126-43F7-B145-375543C6F5D5} = {36239C0E-D1EA-4A2D-A30F-DAADDB8BA8EB}
		{58D863E7-4CD2-4BDD-9ECC-5AA6A2F6D400} = {36239C0E-D1EA-4A2D-A30F-DAADDB8BA8EB}
		{3F52382D-EF6A-4C83-AF7B-24608C8A1F94} = {36239C0E-D1EA-4A2D-A30F-DAADDB8BA8EB}
		{F65B3F8E-78FB-4203-9F36-02C98C43123C} = {36239C0E-D1EA-4A2D-A30F-DAADDB8BA8EB}
		{0BD15D25-26ED-4D06-B924-FCEEB14AAF09} = {36239C0E-D1EA-4A2D-A30F-DAADDB8BA8EB}
		{BBC145EA-9E9A-425A-83C3-CF36589D2958} = {36239C0E-D1EA-4A2D-A30F-DAADDB8BA8EB}
		{A3EAA211-9517-4DCD-BCAC-15DAE1E8E9C2} = {36239C0E-D1EA-4A2D-A30F-DAADDB8BA8EB}
		{433F599E-6F9B-4908-B3DD-99D421C832CB} = {36239C0E-D1EA-4A2D-A30F-DAADDB8BA8EB}
	EndGlobalSection
EndGlobal
