Microsoft Visual Studio Solution File, Format Version 12.00
# Visual Studio Version 17
VisualStudioVersion = 17.14.36518.9
MinimumVisualStudioVersion = 10.0.40219.1
Project("{FAE04EC0-301F-11D3-BF4B-00C04F79EFBC}") = "Administration", "Administration\Administration.csproj", "{00197F13-7ADF-4D54-8D12-7897B0B7F4C7}"
EndProject
Project("{FAE04EC0-301F-11D3-BF4B-00C04F79EFBC}") = "_Administration", "_Administration\_Administration.csproj", "{0BB296E6-207C-4A69-9445-E1BD0272BBE8}"
EndProject
Project("{2150E333-8FDC-42A3-9474-1A3956D46DE8}") = "LIBRARIEs", "LIBRARIEs", "{D905AB1C-0C69-4365-98BD-5CEEEA663F77}"
EndProject
Project("{FAE04EC0-301F-11D3-BF4B-00C04F79EFBC}") = "_Application", "..\..\ROOT\LIBRARIEs\_Application\_Application.csproj", "{CC78B6C2-2804-4FD1-9CA1-2196FD50C239}"
EndProject
Project("{FAE04EC0-301F-11D3-BF4B-00C04F79EFBC}") = "_Data", "..\..\ROOT\LIBRARIEs\_Data\_Data.csproj", "{B60F57D4-4F53-428C-86FE-A0D47338E371}"
EndProject
Project("{FAE04EC0-301F-11D3-BF4B-00C04F79EFBC}") = "_Elements", "..\..\ROOT\LIBRARIEs\_Elements\_Elements.csproj", "{FE00F7B8-9C7B-462A-8E39-28E1CAE64921}"
EndProject
Project("{FAE04EC0-301F-11D3-BF4B-00C04F79EFBC}") = "_DataSourceMsExcel", "..\..\ROOT\LIBRARIEs\_DataSourceMsExcel\_DataSourceMsExcel.csproj", "{2809E570-EAA6-4D36-A620-837D778BC64B}"
EndProject
Project("{FAE04EC0-301F-11D3-BF4B-00C04F79EFBC}") = "_DataSourceMsSql", "..\..\ROOT\LIBRARIEs\_DataSourceMsSql\_DataSourceMsSql.csproj", "{7B047D4F-9ED0-441A-88AD-1A35518EB07E}"
EndProject
Project("{FAE04EC0-301F-11D3-BF4B-00C04F79EFBC}") = "_System", "..\..\ROOT\LIBRARIEs\_System\_System.csproj", "{F39D5A8F-96DD-4FC6-870F-E5F6B69C6E7C}"
EndProject
Project("{FAE04EC0-301F-11D3-BF4B-00C04F79EFBC}") = "_ResourcesImages", "..\..\ROOT\LIBRARIEs\_ResourcesImages\_ResourcesImages.csproj", "{2223949B-940D-412D-B28C-C095AEEA10DF}"
EndProject
Project("{FAE04EC0-301F-11D3-BF4B-00C04F79EFBC}") = "_ReportHtml", "..\..\ROOT\LIBRARIEs\_ReportHtml\_ReportHtml.csproj", "{7BAAB592-6DE5-47C7-BD0F-017D2B907F90}"
EndProject
Project("{FAE04EC0-301F-11D3-BF4B-00C04F79EFBC}") = "_ResourcesSounds", "..\..\ROOT\LIBRARIEs\_ResourcesSounds\_ResourcesSounds.csproj", "{BD51AA26-F13D-4343-AAB6-24444567E284}"
EndProject
Project("{FAE04EC0-301F-11D3-BF4B-00C04F79EFBC}") = "_DataSourceSqlite", "..\..\ROOT\LIBRARIEs\_DataSourceSqlite\_DataSourceSqlite.csproj", "{1D0174D8-F2D1-454E-9CED-6BEB68AA1CE3}"
EndProject
Project("{FAE04EC0-301F-11D3-BF4B-00C04F79EFBC}") = "_csManual", "_csManual\_csManual.csproj", "{3A67C117-88F9-49CC-9B5F-E9899AF5274F}"
EndProject
Project("{FAE04EC0-301F-11D3-BF4B-00C04F79EFBC}") = "_CsProtocols", "_CsProtocols\_CsProtocols.csproj", "{87DC61FA-3F16-4AB7-9878-04839608321B}"
EndProject
Project("{FAE04EC0-301F-11D3-BF4B-00C04F79EFBC}") = "csManual", "csManual\csManual.csproj", "{79676C56-DEF3-4B8F-8700-45FA23E5EEF4}"
EndProject
Project("{FAE04EC0-301F-11D3-BF4B-00C04F79EFBC}") = "CsProtocols", "CsProtocols\CsProtocols.csproj", "{8D05B162-A7AB-4490-9A99-61F9532ADA33}"
EndProject
Global
	GlobalSection(SolutionConfigurationPlatforms) = preSolution
		Debug|Any CPU = Debug|Any CPU
		Release|Any CPU = Release|Any CPU
	EndGlobalSection
	GlobalSection(ProjectConfigurationPlatforms) = postSolution
		{00197F13-7ADF-4D54-8D12-7897B0B7F4C7}.Debug|Any CPU.ActiveCfg = Debug|Any CPU
		{00197F13-7ADF-4D54-8D12-7897B0B7F4C7}.Debug|Any CPU.Build.0 = Debug|Any CPU
		{00197F13-7ADF-4D54-8D12-7897B0B7F4C7}.Release|Any CPU.ActiveCfg = Release|Any CPU
		{00197F13-7ADF-4D54-8D12-7897B0B7F4C7}.Release|Any CPU.Build.0 = Release|Any CPU
		{0BB296E6-207C-4A69-9445-E1BD0272BBE8}.Debug|Any CPU.ActiveCfg = Debug|Any CPU
		{0BB296E6-207C-4A69-9445-E1BD0272BBE8}.Debug|Any CPU.Build.0 = Debug|Any CPU
		{0BB296E6-207C-4A69-9445-E1BD0272BBE8}.Release|Any CPU.ActiveCfg = Release|Any CPU
		{0BB296E6-207C-4A69-9445-E1BD0272BBE8}.Release|Any CPU.Build.0 = Release|Any CPU
		{CC78B6C2-2804-4FD1-9CA1-2196FD50C239}.Debug|Any CPU.ActiveCfg = Debug|Any CPU
		{CC78B6C2-2804-4FD1-9CA1-2196FD50C239}.Debug|Any CPU.Build.0 = Debug|Any CPU
		{CC78B6C2-2804-4FD1-9CA1-2196FD50C239}.Release|Any CPU.ActiveCfg = Release|Any CPU
		{CC78B6C2-2804-4FD1-9CA1-2196FD50C239}.Release|Any CPU.Build.0 = Release|Any CPU
		{B60F57D4-4F53-428C-86FE-A0D47338E371}.Debug|Any CPU.ActiveCfg = Debug|Any CPU
		{B60F57D4-4F53-428C-86FE-A0D47338E371}.Debug|Any CPU.Build.0 = Debug|Any CPU
		{B60F57D4-4F53-428C-86FE-A0D47338E371}.Release|Any CPU.ActiveCfg = Release|Any CPU
		{B60F57D4-4F53-428C-86FE-A0D47338E371}.Release|Any CPU.Build.0 = Release|Any CPU
		{FE00F7B8-9C7B-462A-8E39-28E1CAE64921}.Debug|Any CPU.ActiveCfg = Debug|Any CPU
		{FE00F7B8-9C7B-462A-8E39-28E1CAE64921}.Debug|Any CPU.Build.0 = Debug|Any CPU
		{FE00F7B8-9C7B-462A-8E39-28E1CAE64921}.Release|Any CPU.ActiveCfg = Release|Any CPU
		{FE00F7B8-9C7B-462A-8E39-28E1CAE64921}.Release|Any CPU.Build.0 = Release|Any CPU
		{2809E570-EAA6-4D36-A620-837D778BC64B}.Debug|Any CPU.ActiveCfg = Debug|Any CPU
		{2809E570-EAA6-4D36-A620-837D778BC64B}.Debug|Any CPU.Build.0 = Debug|Any CPU
		{2809E570-EAA6-4D36-A620-837D778BC64B}.Release|Any CPU.ActiveCfg = Release|Any CPU
		{2809E570-EAA6-4D36-A620-837D778BC64B}.Release|Any CPU.Build.0 = Release|Any CPU
		{7B047D4F-9ED0-441A-88AD-1A35518EB07E}.Debug|Any CPU.ActiveCfg = Debug|Any CPU
		{7B047D4F-9ED0-441A-88AD-1A35518EB07E}.Debug|Any CPU.Build.0 = Debug|Any CPU
		{7B047D4F-9ED0-441A-88AD-1A35518EB07E}.Release|Any CPU.ActiveCfg = Release|Any CPU
		{7B047D4F-9ED0-441A-88AD-1A35518EB07E}.Release|Any CPU.Build.0 = Release|Any CPU
		{F39D5A8F-96DD-4FC6-870F-E5F6B69C6E7C}.Debug|Any CPU.ActiveCfg = Debug|Any CPU
		{F39D5A8F-96DD-4FC6-870F-E5F6B69C6E7C}.Debug|Any CPU.Build.0 = Debug|Any CPU
		{F39D5A8F-96DD-4FC6-870F-E5F6B69C6E7C}.Release|Any CPU.ActiveCfg = Release|Any CPU
		{F39D5A8F-96DD-4FC6-870F-E5F6B69C6E7C}.Release|Any CPU.Build.0 = Release|Any CPU
		{2223949B-940D-412D-B28C-C095AEEA10DF}.Debug|Any CPU.ActiveCfg = Debug|Any CPU
		{2223949B-940D-412D-B28C-C095AEEA10DF}.Debug|Any CPU.Build.0 = Debug|Any CPU
		{2223949B-940D-412D-B28C-C095AEEA10DF}.Release|Any CPU.ActiveCfg = Release|Any CPU
		{2223949B-940D-412D-B28C-C095AEEA10DF}.Release|Any CPU.Build.0 = Release|Any CPU
		{7BAAB592-6DE5-47C7-BD0F-017D2B907F90}.Debug|Any CPU.ActiveCfg = Debug|Any CPU
		{7BAAB592-6DE5-47C7-BD0F-017D2B907F90}.Debug|Any CPU.Build.0 = Debug|Any CPU
		{7BAAB592-6DE5-47C7-BD0F-017D2B907F90}.Release|Any CPU.ActiveCfg = Release|Any CPU
		{7BAAB592-6DE5-47C7-BD0F-017D2B907F90}.Release|Any CPU.Build.0 = Release|Any CPU
		{BD51AA26-F13D-4343-AAB6-24444567E284}.Debug|Any CPU.ActiveCfg = Debug|Any CPU
		{BD51AA26-F13D-4343-AAB6-24444567E284}.Debug|Any CPU.Build.0 = Debug|Any CPU
		{BD51AA26-F13D-4343-AAB6-24444567E284}.Release|Any CPU.ActiveCfg = Release|Any CPU
		{BD51AA26-F13D-4343-AAB6-24444567E284}.Release|Any CPU.Build.0 = Release|Any CPU
		{1D0174D8-F2D1-454E-9CED-6BEB68AA1CE3}.Debug|Any CPU.ActiveCfg = Debug|Any CPU
		{1D0174D8-F2D1-454E-9CED-6BEB68AA1CE3}.Debug|Any CPU.Build.0 = Debug|Any CPU
		{1D0174D8-F2D1-454E-9CED-6BEB68AA1CE3}.Release|Any CPU.ActiveCfg = Release|Any CPU
		{1D0174D8-F2D1-454E-9CED-6BEB68AA1CE3}.Release|Any CPU.Build.0 = Release|Any CPU
		{3A67C117-88F9-49CC-9B5F-E9899AF5274F}.Debug|Any CPU.ActiveCfg = Debug|Any CPU
		{3A67C117-88F9-49CC-9B5F-E9899AF5274F}.Debug|Any CPU.Build.0 = Debug|Any CPU
		{3A67C117-88F9-49CC-9B5F-E9899AF5274F}.Release|Any CPU.ActiveCfg = Release|Any CPU
		{3A67C117-88F9-49CC-9B5F-E9899AF5274F}.Release|Any CPU.Build.0 = Release|Any CPU
		{87DC61FA-3F16-4AB7-9878-04839608321B}.Debug|Any CPU.ActiveCfg = Debug|Any CPU
		{87DC61FA-3F16-4AB7-9878-04839608321B}.Debug|Any CPU.Build.0 = Debug|Any CPU
		{87DC61FA-3F16-4AB7-9878-04839608321B}.Release|Any CPU.ActiveCfg = Release|Any CPU
		{87DC61FA-3F16-4AB7-9878-04839608321B}.Release|Any CPU.Build.0 = Release|Any CPU
		{79676C56-DEF3-4B8F-8700-45FA23E5EEF4}.Debug|Any CPU.ActiveCfg = Debug|Any CPU
		{79676C56-DEF3-4B8F-8700-45FA23E5EEF4}.Debug|Any CPU.Build.0 = Debug|Any CPU
		{79676C56-DEF3-4B8F-8700-45FA23E5EEF4}.Release|Any CPU.ActiveCfg = Release|Any CPU
		{79676C56-DEF3-4B8F-8700-45FA23E5EEF4}.Release|Any CPU.Build.0 = Release|Any CPU
		{8D05B162-A7AB-4490-9A99-61F9532ADA33}.Debug|Any CPU.ActiveCfg = Debug|Any CPU
		{8D05B162-A7AB-4490-9A99-61F9532ADA33}.Debug|Any CPU.Build.0 = Debug|Any CPU
		{8D05B162-A7AB-4490-9A99-61F9532ADA33}.Release|Any CPU.ActiveCfg = Release|Any CPU
		{8D05B162-A7AB-4490-9A99-61F9532ADA33}.Release|Any CPU.Build.0 = Release|Any CPU
	EndGlobalSection
	GlobalSection(SolutionProperties) = preSolution
		HideSolutionNode = FALSE
	EndGlobalSection
	GlobalSection(NestedProjects) = preSolution
		{CC78B6C2-2804-4FD1-9CA1-2196FD50C239} = {D905AB1C-0C69-4365-98BD-5CEEEA663F77}
		{B60F57D4-4F53-428C-86FE-A0D47338E371} = {D905AB1C-0C69-4365-98BD-5CEEEA663F77}
		{FE00F7B8-9C7B-462A-8E39-28E1CAE64921} = {D905AB1C-0C69-4365-98BD-5CEEEA663F77}
		{2809E570-EAA6-4D36-A620-837D778BC64B} = {D905AB1C-0C69-4365-98BD-5CEEEA663F77}
		{7B047D4F-9ED0-441A-88AD-1A35518EB07E} = {D905AB1C-0C69-4365-98BD-5CEEEA663F77}
		{F39D5A8F-96DD-4FC6-870F-E5F6B69C6E7C} = {D905AB1C-0C69-4365-98BD-5CEEEA663F77}
		{2223949B-940D-412D-B28C-C095AEEA10DF} = {D905AB1C-0C69-4365-98BD-5CEEEA663F77}
		{7BAAB592-6DE5-47C7-BD0F-017D2B907F90} = {D905AB1C-0C69-4365-98BD-5CEEEA663F77}
		{BD51AA26-F13D-4343-AAB6-24444567E284} = {D905AB1C-0C69-4365-98BD-5CEEEA663F77}
		{1D0174D8-F2D1-454E-9CED-6BEB68AA1CE3} = {D905AB1C-0C69-4365-98BD-5CEEEA663F77}
	EndGlobalSection
	GlobalSection(ExtensibilityGlobals) = postSolution
		SolutionGuid = {08ab3577-a99a-4b08-a8c2-bd1dc7e67402}
	EndGlobalSection
EndGlobal
