
Microsoft Visual Studio Solution File, Format Version 12.00
# Visual Studio Version 17
VisualStudioVersion = 17.12.35527.113
MinimumVisualStudioVersion = 10.0.40219.1
Project("{FAE04EC0-301F-11D3-BF4B-00C04F79EFBC}") = "CsProtocols", "CsProtocols\CsProtocols.csproj", "{8D05B162-A7AB-4490-9A99-61F9532ADA33}"
EndProject
Project("{FAE04EC0-301F-11D3-BF4B-00C04F79EFBC}") = "_CsProtocols", "_CsProtocols\_CsProtocols.csproj", "{87DC61FA-3F16-4AB7-9878-04839608321B}"
EndProject
Project("{2150E333-8FDC-42A3-9474-1A3956D46DE8}") = "LIBRARIEs", "LIBRARIEs", "{36239C0E-D1EA-4A2D-A30F-DAADDB8BA8EB}"
EndProject
Project("{FAE04EC0-301F-11D3-BF4B-00C04F79EFBC}") = "_Application", "..\..\ROOT\LIBRARIEs\_Application\_Application.csproj", "{CC78B6C2-2804-4FD1-9CA1-2196FD50C239}"
EndProject
Project("{FAE04EC0-301F-11D3-BF4B-00C04F79EFBC}") = "_Archivators", "..\..\ROOT\LIBRARIEs\_Archivators\_Archivators.csproj", "{2F05884B-3126-43F7-B145-375543C6F5D5}"
EndProject
Project("{FAE04EC0-301F-11D3-BF4B-00C04F79EFBC}") = "_Data", "..\..\ROOT\LIBRARIEs\_Data\_Data.csproj", "{B60F57D4-4F53-428C-86FE-A0D47338E371}"
EndProject
Project("{FAE04EC0-301F-11D3-BF4B-00C04F79EFBC}") = "_DataSourceSqlite", "..\..\ROOT\LIBRARIEs\_DataSourceSqlite\_DataSourceSqlite.csproj", "{1D0174D8-F2D1-454E-9CED-6BEB68AA1CE3}"
EndProject
Project("{FAE04EC0-301F-11D3-BF4B-00C04F79EFBC}") = "_Elements", "..\..\ROOT\LIBRARIEs\_Elements\_Elements.csproj", "{FE00F7B8-9C7B-462A-8E39-28E1CAE64921}"
EndProject
Project("{FAE04EC0-301F-11D3-BF4B-00C04F79EFBC}") = "_Email", "..\..\ROOT\LIBRARIEs\_Email\_Email.csproj", "{FCED7DD4-12E7-4E42-A109-1004CD505287}"
EndProject
Project("{FAE04EC0-301F-11D3-BF4B-00C04F79EFBC}") = "_ReportHTML", "..\..\ROOT\LIBRARIEs\_ReportHTML\_ReportHTML.csproj", "{7BAAB592-6DE5-47C7-BD0F-017D2B907F90}"
EndProject
Project("{FAE04EC0-301F-11D3-BF4B-00C04F79EFBC}") = "_ResourcesImages", "..\..\ROOT\LIBRARIEs\_ResourcesImages\_ResourcesImages.csproj", "{2223949B-940D-412D-B28C-C095AEEA10DF}"
EndProject
Project("{FAE04EC0-301F-11D3-BF4B-00C04F79EFBC}") = "_System", "..\..\ROOT\LIBRARIEs\_System\_System.csproj", "{F39D5A8F-96DD-4FC6-870F-E5F6B69C6E7C}"
EndProject
Global
	GlobalSection(SolutionConfigurationPlatforms) = preSolution
		Debug|Any CPU = Debug|Any CPU
		Release|Any CPU = Release|Any CPU
	EndGlobalSection
	GlobalSection(ProjectConfigurationPlatforms) = postSolution
		{8D05B162-A7AB-4490-9A99-61F9532ADA33}.Debug|Any CPU.ActiveCfg = Debug|Any CPU
		{8D05B162-A7AB-4490-9A99-61F9532ADA33}.Debug|Any CPU.Build.0 = Debug|Any CPU
		{8D05B162-A7AB-4490-9A99-61F9532ADA33}.Release|Any CPU.ActiveCfg = Release|Any CPU
		{8D05B162-A7AB-4490-9A99-61F9532ADA33}.Release|Any CPU.Build.0 = Release|Any CPU
		{87DC61FA-3F16-4AB7-9878-04839608321B}.Debug|Any CPU.ActiveCfg = Debug|Any CPU
		{87DC61FA-3F16-4AB7-9878-04839608321B}.Debug|Any CPU.Build.0 = Debug|Any CPU
		{87DC61FA-3F16-4AB7-9878-04839608321B}.Release|Any CPU.ActiveCfg = Release|Any CPU
		{87DC61FA-3F16-4AB7-9878-04839608321B}.Release|Any CPU.Build.0 = Release|Any CPU
		{CC78B6C2-2804-4FD1-9CA1-2196FD50C239}.Debug|Any CPU.ActiveCfg = Debug|Any CPU
		{CC78B6C2-2804-4FD1-9CA1-2196FD50C239}.Debug|Any CPU.Build.0 = Debug|Any CPU
		{CC78B6C2-2804-4FD1-9CA1-2196FD50C239}.Release|Any CPU.ActiveCfg = Release|Any CPU
		{CC78B6C2-2804-4FD1-9CA1-2196FD50C239}.Release|Any CPU.Build.0 = Release|Any CPU
		{2F05884B-3126-43F7-B145-375543C6F5D5}.Debug|Any CPU.ActiveCfg = Debug|Any CPU
		{2F05884B-3126-43F7-B145-375543C6F5D5}.Debug|Any CPU.Build.0 = Debug|Any CPU
		{2F05884B-3126-43F7-B145-375543C6F5D5}.Release|Any CPU.ActiveCfg = Release|Any CPU
		{2F05884B-3126-43F7-B145-375543C6F5D5}.Release|Any CPU.Build.0 = Release|Any CPU
		{B60F57D4-4F53-428C-86FE-A0D47338E371}.Debug|Any CPU.ActiveCfg = Debug|Any CPU
		{B60F57D4-4F53-428C-86FE-A0D47338E371}.Debug|Any CPU.Build.0 = Debug|Any CPU
		{B60F57D4-4F53-428C-86FE-A0D47338E371}.Release|Any CPU.ActiveCfg = Release|Any CPU
		{B60F57D4-4F53-428C-86FE-A0D47338E371}.Release|Any CPU.Build.0 = Release|Any CPU
		{1D0174D8-F2D1-454E-9CED-6BEB68AA1CE3}.Debug|Any CPU.ActiveCfg = Debug|Any CPU
		{1D0174D8-F2D1-454E-9CED-6BEB68AA1CE3}.Debug|Any CPU.Build.0 = Debug|Any CPU
		{1D0174D8-F2D1-454E-9CED-6BEB68AA1CE3}.Release|Any CPU.ActiveCfg = Release|Any CPU
		{1D0174D8-F2D1-454E-9CED-6BEB68AA1CE3}.Release|Any CPU.Build.0 = Release|Any CPU
		{FE00F7B8-9C7B-462A-8E39-28E1CAE64921}.Debug|Any CPU.ActiveCfg = Debug|Any CPU
		{FE00F7B8-9C7B-462A-8E39-28E1CAE64921}.Debug|Any CPU.Build.0 = Debug|Any CPU
		{FE00F7B8-9C7B-462A-8E39-28E1CAE64921}.Release|Any CPU.ActiveCfg = Release|Any CPU
		{FE00F7B8-9C7B-462A-8E39-28E1CAE64921}.Release|Any CPU.Build.0 = Release|Any CPU
		{FCED7DD4-12E7-4E42-A109-1004CD505287}.Debug|Any CPU.ActiveCfg = Debug|Any CPU
		{FCED7DD4-12E7-4E42-A109-1004CD505287}.Debug|Any CPU.Build.0 = Debug|Any CPU
		{FCED7DD4-12E7-4E42-A109-1004CD505287}.Release|Any CPU.ActiveCfg = Release|Any CPU
		{FCED7DD4-12E7-4E42-A109-1004CD505287}.Release|Any CPU.Build.0 = Release|Any CPU
		{7BAAB592-6DE5-47C7-BD0F-017D2B907F90}.Debug|Any CPU.ActiveCfg = Debug|Any CPU
		{7BAAB592-6DE5-47C7-BD0F-017D2B907F90}.Debug|Any CPU.Build.0 = Debug|Any CPU
		{7BAAB592-6DE5-47C7-BD0F-017D2B907F90}.Release|Any CPU.ActiveCfg = Release|Any CPU
		{7BAAB592-6DE5-47C7-BD0F-017D2B907F90}.Release|Any CPU.Build.0 = Release|Any CPU
		{2223949B-940D-412D-B28C-C095AEEA10DF}.Debug|Any CPU.ActiveCfg = Debug|Any CPU
		{2223949B-940D-412D-B28C-C095AEEA10DF}.Debug|Any CPU.Build.0 = Debug|Any CPU
		{2223949B-940D-412D-B28C-C095AEEA10DF}.Release|Any CPU.ActiveCfg = Release|Any CPU
		{2223949B-940D-412D-B28C-C095AEEA10DF}.Release|Any CPU.Build.0 = Release|Any CPU
		{F39D5A8F-96DD-4FC6-870F-E5F6B69C6E7C}.Debug|Any CPU.ActiveCfg = Debug|Any CPU
		{F39D5A8F-96DD-4FC6-870F-E5F6B69C6E7C}.Debug|Any CPU.Build.0 = Debug|Any CPU
		{F39D5A8F-96DD-4FC6-870F-E5F6B69C6E7C}.Release|Any CPU.ActiveCfg = Release|Any CPU
		{F39D5A8F-96DD-4FC6-870F-E5F6B69C6E7C}.Release|Any CPU.Build.0 = Release|Any CPU
	EndGlobalSection
	GlobalSection(SolutionProperties) = preSolution
		HideSolutionNode = FALSE
	EndGlobalSection
	GlobalSection(NestedProjects) = preSolution
		{CC78B6C2-2804-4FD1-9CA1-2196FD50C239} = {36239C0E-D1EA-4A2D-A30F-DAADDB8BA8EB}
		{2F05884B-3126-43F7-B145-375543C6F5D5} = {36239C0E-D1EA-4A2D-A30F-DAADDB8BA8EB}
		{B60F57D4-4F53-428C-86FE-A0D47338E371} = {36239C0E-D1EA-4A2D-A30F-DAADDB8BA8EB}
		{1D0174D8-F2D1-454E-9CED-6BEB68AA1CE3} = {36239C0E-D1EA-4A2D-A30F-DAADDB8BA8EB}
		{FE00F7B8-9C7B-462A-8E39-28E1CAE64921} = {36239C0E-D1EA-4A2D-A30F-DAADDB8BA8EB}
		{FCED7DD4-12E7-4E42-A109-1004CD505287} = {36239C0E-D1EA-4A2D-A30F-DAADDB8BA8EB}
		{7BAAB592-6DE5-47C7-BD0F-017D2B907F90} = {36239C0E-D1EA-4A2D-A30F-DAADDB8BA8EB}
		{2223949B-940D-412D-B28C-C095AEEA10DF} = {36239C0E-D1EA-4A2D-A30F-DAADDB8BA8EB}
		{F39D5A8F-96DD-4FC6-870F-E5F6B69C6E7C} = {36239C0E-D1EA-4A2D-A30F-DAADDB8BA8EB}
	EndGlobalSection
EndGlobal
